Microsoft Visual Studio Solution File, Format Version 12.00
# Visual Studio 2012
Project("{FAE04EC0-301F-11D3-BF4B-00C04F79EFBC}") = "Orrery", "Orrery.csproj", "{546A59BF-B36C-4EB7-9948-57D0189ED7D5}"
EndProject
Global
	GlobalSection(SolutionConfigurationPlatforms) = preSolution
	Debug|Any CPU = Debug|Any CPU
	ExportDebug|Any CPU = ExportDebug|Any CPU
	ExportRelease|Any CPU = ExportRelease|Any CPU
	EndGlobalSection
	GlobalSection(ProjectConfigurationPlatforms) = postSolution
		{546A59BF-B36C-4EB7-9948-57D0189ED7D5}.Debug|Any CPU.ActiveCfg = Debug|Any CPU
		{546A59BF-B36C-4EB7-9948-57D0189ED7D5}.Debug|Any CPU.Build.0 = Debug|Any CPU
		{546A59BF-B36C-4EB7-9948-57D0189ED7D5}.ExportDebug|Any CPU.ActiveCfg = ExportDebug|Any CPU
		{546A59BF-B36C-4EB7-9948-57D0189ED7D5}.ExportDebug|Any CPU.Build.0 = ExportDebug|Any CPU
		{546A59BF-B36C-4EB7-9948-57D0189ED7D5}.ExportRelease|Any CPU.ActiveCfg = ExportRelease|Any CPU
		{546A59BF-B36C-4EB7-9948-57D0189ED7D5}.ExportRelease|Any CPU.Build.0 = ExportRelease|Any CPU
	EndGlobalSection
EndGlobal
